
Microsoft Visual Studio Solution File, Format Version 12.00
# Visual Studio Version 17
VisualStudioVersion = 17.1.32328.378
MinimumVisualStudioVersion = 10.0.40219.1
Project("{FAE04EC0-301F-11D3-BF4B-00C04F79EFBC}") = "CMSQL_APP", "CMSQL_APP\CMSQL_APP.csproj", "{A585F4B1-9F7F-4500-9FCD-03932FC33D41}"
EndProject
Project("{FAE04EC0-301F-11D3-BF4B-00C04F79EFBC}") = "CMSQL_DLL", "CMSQL_DLL\CMSQL_DLL.csproj", "{6B9A8D37-86A4-417C-9114-AFC585F3BD41}"
EndProject
Project("{FAE04EC0-301F-11D3-BF4B-00C04F79EFBC}") = "GM_BLL", "GM_BLL\GM_BLL.csproj", "{377F8DC8-6199-44E2-B817-19D4E9ECB727}"
EndProject
Project("{FAE04EC0-301F-11D3-BF4B-00C04F79EFBC}") = "GM_MODEL", "GM_MODEL\GM_MODEL.csproj", "{A3D30E64-FA4D-4524-ACA1-F9538819363E}"
EndProject
Global
	GlobalSection(SolutionConfigurationPlatforms) = preSolution
		Debug|Any CPU = Debug|Any CPU
		Debug|x64 = Debug|x64
		Debug|x86 = Debug|x86
		Release|Any CPU = Release|Any CPU
		Release|x64 = Release|x64
		Release|x86 = Release|x86
		x86|Any CPU = x86|Any CPU
		x86|x64 = x86|x64
		x86|x86 = x86|x86
	EndGlobalSection
	GlobalSection(ProjectConfigurationPlatforms) = postSolution
		{A585F4B1-9F7F-4500-9FCD-03932FC33D41}.Debug|Any CPU.ActiveCfg = Debug|Any CPU
		{A585F4B1-9F7F-4500-9FCD-03932FC33D41}.Debug|Any CPU.Build.0 = Debug|Any CPU
		{A585F4B1-9F7F-4500-9FCD-03932FC33D41}.Debug|x64.ActiveCfg = Debug|Any CPU
		{A585F4B1-9F7F-4500-9FCD-03932FC33D41}.Debug|x64.Build.0 = Debug|Any CPU
		{A585F4B1-9F7F-4500-9FCD-03932FC33D41}.Debug|x86.ActiveCfg = Debug|Any CPU
		{A585F4B1-9F7F-4500-9FCD-03932FC33D41}.Debug|x86.Build.0 = Debug|Any CPU
		{A585F4B1-9F7F-4500-9FCD-03932FC33D41}.Release|Any CPU.ActiveCfg = Release|Any CPU
		{A585F4B1-9F7F-4500-9FCD-03932FC33D41}.Release|Any CPU.Build.0 = Release|Any CPU
		{A585F4B1-9F7F-4500-9FCD-03932FC33D41}.Release|x64.ActiveCfg = Release|Any CPU
		{A585F4B1-9F7F-4500-9FCD-03932FC33D41}.Release|x64.Build.0 = Release|Any CPU
		{A585F4B1-9F7F-4500-9FCD-03932FC33D41}.Release|x86.ActiveCfg = Release|Any CPU
		{A585F4B1-9F7F-4500-9FCD-03932FC33D41}.Release|x86.Build.0 = Release|Any CPU
		{A585F4B1-9F7F-4500-9FCD-03932FC33D41}.x86|Any CPU.ActiveCfg = Release|Any CPU
		{A585F4B1-9F7F-4500-9FCD-03932FC33D41}.x86|Any CPU.Build.0 = Release|Any CPU
		{A585F4B1-9F7F-4500-9FCD-03932FC33D41}.x86|x64.ActiveCfg = Release|Any CPU
		{A585F4B1-9F7F-4500-9FCD-03932FC33D41}.x86|x64.Build.0 = Release|Any CPU
		{A585F4B1-9F7F-4500-9FCD-03932FC33D41}.x86|x86.ActiveCfg = Release|Any CPU
		{A585F4B1-9F7F-4500-9FCD-03932FC33D41}.x86|x86.Build.0 = Release|Any CPU
		{6B9A8D37-86A4-417C-9114-AFC585F3BD41}.Debug|Any CPU.ActiveCfg = Debug|Any CPU
		{6B9A8D37-86A4-417C-9114-AFC585F3BD41}.Debug|Any CPU.Build.0 = Debug|Any CPU
		{6B9A8D37-86A4-417C-9114-AFC585F3BD41}.Debug|x64.ActiveCfg = Debug|Any CPU
		{6B9A8D37-86A4-417C-9114-AFC585F3BD41}.Debug|x64.Build.0 = Debug|Any CPU
		{6B9A8D37-86A4-417C-9114-AFC585F3BD41}.Debug|x86.ActiveCfg = Debug|Any CPU
		{6B9A8D37-86A4-417C-9114-AFC585F3BD41}.Debug|x86.Build.0 = Debug|Any CPU
		{6B9A8D37-86A4-417C-9114-AFC585F3BD41}.Release|Any CPU.ActiveCfg = Release|Any CPU
		{6B9A8D37-86A4-417C-9114-AFC585F3BD41}.Release|Any CPU.Build.0 = Release|Any CPU
		{6B9A8D37-86A4-417C-9114-AFC585F3BD41}.Release|x64.ActiveCfg = Release|Any CPU
		{6B9A8D37-86A4-417C-9114-AFC585F3BD41}.Release|x64.Build.0 = Release|Any CPU
		{6B9A8D37-86A4-417C-9114-AFC585F3BD41}.Release|x86.ActiveCfg = Release|Any CPU
		{6B9A8D37-86A4-417C-9114-AFC585F3BD41}.Release|x86.Build.0 = Release|Any CPU
		{6B9A8D37-86A4-417C-9114-AFC585F3BD41}.x86|Any CPU.ActiveCfg = Release|Any CPU
		{6B9A8D37-86A4-417C-9114-AFC585F3BD41}.x86|Any CPU.Build.0 = Release|Any CPU
		{6B9A8D37-86A4-417C-9114-AFC585F3BD41}.x86|x64.ActiveCfg = Release|Any CPU
		{6B9A8D37-86A4-417C-9114-AFC585F3BD41}.x86|x64.Build.0 = Release|Any CPU
		{6B9A8D37-86A4-417C-9114-AFC585F3BD41}.x86|x86.ActiveCfg = Release|Any CPU
		{6B9A8D37-86A4-417C-9114-AFC585F3BD41}.x86|x86.Build.0 = Release|Any CPU
		{377F8DC8-6199-44E2-B817-19D4E9ECB727}.Debug|Any CPU.ActiveCfg = Debug|Any CPU
		{377F8DC8-6199-44E2-B817-19D4E9ECB727}.Debug|Any CPU.Build.0 = Debug|Any CPU
		{377F8DC8-6199-44E2-B817-19D4E9ECB727}.Debug|x64.ActiveCfg = Debug|Any CPU
		{377F8DC8-6199-44E2-B817-19D4E9ECB727}.Debug|x64.Build.0 = Debug|Any CPU
		{377F8DC8-6199-44E2-B817-19D4E9ECB727}.Debug|x86.ActiveCfg = Debug|Any CPU
		{377F8DC8-6199-44E2-B817-19D4E9ECB727}.Debug|x86.Build.0 = Debug|Any CPU
		{377F8DC8-6199-44E2-B817-19D4E9ECB727}.Release|Any CPU.ActiveCfg = Release|Any CPU
		{377F8DC8-6199-44E2-B817-19D4E9ECB727}.Release|Any CPU.Build.0 = Release|Any CPU
		{377F8DC8-6199-44E2-B817-19D4E9ECB727}.Release|x64.ActiveCfg = Release|Any CPU
		{377F8DC8-6199-44E2-B817-19D4E9ECB727}.Release|x64.Build.0 = Release|Any CPU
		{377F8DC8-6199-44E2-B817-19D4E9ECB727}.Release|x86.ActiveCfg = Release|Any CPU
		{377F8DC8-6199-44E2-B817-19D4E9ECB727}.Release|x86.Build.0 = Release|Any CPU
		{377F8DC8-6199-44E2-B817-19D4E9ECB727}.x86|Any CPU.ActiveCfg = Debug|Any CPU
		{377F8DC8-6199-44E2-B817-19D4E9ECB727}.x86|Any CPU.Build.0 = Debug|Any CPU
		{377F8DC8-6199-44E2-B817-19D4E9ECB727}.x86|x64.ActiveCfg = Debug|Any CPU
		{377F8DC8-6199-44E2-B817-19D4E9ECB727}.x86|x64.Build.0 = Debug|Any CPU
		{377F8DC8-6199-44E2-B817-19D4E9ECB727}.x86|x86.ActiveCfg = Debug|Any CPU
		{377F8DC8-6199-44E2-B817-19D4E9ECB727}.x86|x86.Build.0 = Debug|Any CPU
		{A3D30E64-FA4D-4524-ACA1-F9538819363E}.Debug|Any CPU.ActiveCfg = Debug|Any CPU
		{A3D30E64-FA4D-4524-ACA1-F9538819363E}.Debug|Any CPU.Build.0 = Debug|Any CPU
		{A3D30E64-FA4D-4524-ACA1-F9538819363E}.Debug|x64.ActiveCfg = Debug|Any CPU
		{A3D30E64-FA4D-4524-ACA1-F9538819363E}.Debug|x64.Build.0 = Debug|Any CPU
		{A3D30E64-FA4D-4524-ACA1-F9538819363E}.Debug|x86.ActiveCfg = Debug|Any CPU
		{A3D30E64-FA4D-4524-ACA1-F9538819363E}.Debug|x86.Build.0 = Debug|Any CPU
		{A3D30E64-FA4D-4524-ACA1-F9538819363E}.Release|Any CPU.ActiveCfg = Release|Any CPU
		{A3D30E64-FA4D-4524-ACA1-F9538819363E}.Release|Any CPU.Build.0 = Release|Any CPU
		{A3D30E64-FA4D-4524-ACA1-F9538819363E}.Release|x64.ActiveCfg = Release|Any CPU
		{A3D30E64-FA4D-4524-ACA1-F9538819363E}.Release|x64.Build.0 = Release|Any CPU
		{A3D30E64-FA4D-4524-ACA1-F9538819363E}.Release|x86.ActiveCfg = Release|Any CPU
		{A3D30E64-FA4D-4524-ACA1-F9538819363E}.Release|x86.Build.0 = Release|Any CPU
		{A3D30E64-FA4D-4524-ACA1-F9538819363E}.x86|Any CPU.ActiveCfg = Debug|Any CPU
		{A3D30E64-FA4D-4524-ACA1-F9538819363E}.x86|Any CPU.Build.0 = Debug|Any CPU
		{A3D30E64-FA4D-4524-ACA1-F9538819363E}.x86|x64.ActiveCfg = Debug|Any CPU
		{A3D30E64-FA4D-4524-ACA1-F9538819363E}.x86|x64.Build.0 = Debug|Any CPU
		{A3D30E64-FA4D-4524-ACA1-F9538819363E}.x86|x86.ActiveCfg = Debug|Any CPU
		{A3D30E64-FA4D-4524-ACA1-F9538819363E}.x86|x86.Build.0 = Debug|Any CPU
	EndGlobalSection
	GlobalSection(SolutionProperties) = preSolution
		HideSolutionNode = FALSE
	EndGlobalSection
	GlobalSection(ExtensibilityGlobals) = postSolution
		SolutionGuid = {50203E01-621A-4397-AA65-041591AC6B0F}
	EndGlobalSection
EndGlobal
